// !$*UTF8*$!
{
	archiveVersion = 1;
	classes = {
	};
	objectVersion = 50;
	objects = {

/* Begin PBXGroup section */
		A2D63D7F2634C15B00AE5EEB = {
			isa = PBXGroup;
			children = (
			);
			sourceTree = "<group>";
		};
/* End PBXGroup section */

/* Begin PBXProject section */
		A2D63D802634C15B00AE5EEB /* Project object */ = {
			isa = PBXProject;
			attributes = {
				LastUpgradeCheck = 1240;
			};
			buildConfigurationList = A2D63D832634C15B00AE5EEB /* Build configuration list for PBXProject "assign04_code" */;
			compatibilityVersion = "Xcode 9.3";
			developmentRegion = en;
			hasScannedForEncodings = 0;
			knownRegions = (
				en,
				Base,
			);
			mainGroup = A2D63D7F2634C15B00AE5EEB;
			projectDirPath = "";
			projectRoot = "";
			targets = (
			);
		};
/* End PBXProject section */

/* Begin XCBuildConfiguration section */
		A2D63D842634C15B00AE5EEB /* Debug */ = {
			isa = XCBuildConfiguration;
			buildSettings = {
			};
			name = Debug;
		};
		A2D63D852634C15B00AE5EEB /* Release */ = {
			isa = XCBuildConfiguration;
			buildSettings = {
			};
			name = Release;
		};
/* End XCBuildConfiguration section */

/* Begin XCConfigurationList section */
		A2D63D832634C15B00AE5EEB /* Build configuration list for PBXProject "assign04_code" */ = {
			isa = XCConfigurationList;
			buildConfigurations = (
				A2D63D842634C15B00AE5EEB /* Debug */,
				A2D63D852634C15B00AE5EEB /* Release */,
			);
			defaultConfigurationIsVisible = 0;
			defaultConfigurationName = Release;
		};
/* End XCConfigurationList section */
	};
	rootObject = A2D63D802634C15B00AE5EEB /* Project object */;
}
