// !$*UTF8*$!
{
	archiveVersion = 1;
	classes = {
	};
	objectVersion = 50;
	objects = {

/* Begin PBXContainerItemProxy section */
		A2D63DCF2634C99700AE5EEB /* PBXContainerItemProxy */ = {
			isa = PBXContainerItemProxy;
			containerPortal = A2D63DCB2634C99600AE5EEB /* q01.xcodeproj */;
			proxyType = 2;
			remoteGlobalIDString = A2D63DB92634C99400AE5EEB;
			remoteInfo = q01;
		};
/* End PBXContainerItemProxy section */

/* Begin PBXFileReference section */
		A2D63DCB2634C99600AE5EEB /* q01.xcodeproj */ = {isa = PBXFileReference; lastKnownFileType = "wrapper.pb-project"; name = q01.xcodeproj; path = q01/q01.xcodeproj; sourceTree = "<group>"; };
/* End PBXFileReference section */

/* Begin PBXGroup section */
		A2D63D7F2634C15B00AE5EEB = {
			isa = PBXGroup;
			children = (
				A2D63DCB2634C99600AE5EEB /* q01.xcodeproj */,
			);
			sourceTree = "<group>";
		};
		A2D63DCC2634C99600AE5EEB /* Products */ = {
			isa = PBXGroup;
			children = (
				A2D63DD02634C99700AE5EEB /* q01.app */,
			);
			name = Products;
			sourceTree = "<group>";
		};
/* End PBXGroup section */

/* Begin PBXProject section */
		A2D63D802634C15B00AE5EEB /* Project object */ = {
			isa = PBXProject;
			attributes = {
				LastUpgradeCheck = 1240;
			};
			buildConfigurationList = A2D63D832634C15B00AE5EEB /* Build configuration list for PBXProject "assign04_code" */;
			compatibilityVersion = "Xcode 9.3";
			developmentRegion = en;
			hasScannedForEncodings = 0;
			knownRegions = (
				en,
				Base,
			);
			mainGroup = A2D63D7F2634C15B00AE5EEB;
			projectDirPath = "";
			projectReferences = (
				{
					ProductGroup = A2D63DCC2634C99600AE5EEB /* Products */;
					ProjectRef = A2D63DCB2634C99600AE5EEB /* q01.xcodeproj */;
				},
			);
			projectRoot = "";
			targets = (
			);
		};
/* End PBXProject section */

/* Begin PBXReferenceProxy section */
		A2D63DD02634C99700AE5EEB /* q01.app */ = {
			isa = PBXReferenceProxy;
			fileType = wrapper.application;
			path = q01.app;
			remoteRef = A2D63DCF2634C99700AE5EEB /* PBXContainerItemProxy */;
			sourceTree = BUILT_PRODUCTS_DIR;
		};
/* End PBXReferenceProxy section */

/* Begin XCBuildConfiguration section */
		A2D63D842634C15B00AE5EEB /* Debug */ = {
			isa = XCBuildConfiguration;
			buildSettings = {
			};
			name = Debug;
		};
		A2D63D852634C15B00AE5EEB /* Release */ = {
			isa = XCBuildConfiguration;
			buildSettings = {
			};
			name = Release;
		};
/* End XCBuildConfiguration section */

/* Begin XCConfigurationList section */
		A2D63D832634C15B00AE5EEB /* Build configuration list for PBXProject "assign04_code" */ = {
			isa = XCConfigurationList;
			buildConfigurations = (
				A2D63D842634C15B00AE5EEB /* Debug */,
				A2D63D852634C15B00AE5EEB /* Release */,
			);
			defaultConfigurationIsVisible = 0;
			defaultConfigurationName = Release;
		};
/* End XCConfigurationList section */
	};
	rootObject = A2D63D802634C15B00AE5EEB /* Project object */;
}
